
Microsoft Visual Studio Solution File, Format Version 12.00
# Visual Studio 15
VisualStudioVersion = 15.0.28307.421
MinimumVisualStudioVersion = 10.0.40219.1
Project("{9A19103F-16F7-4668-BE54-9A1E7A4F7556}") = "App.Common", "App.Common\App.Common.csproj", "{7139100C-45CF-4E53-B076-20EDA567B582}"
EndProject
Project("{9A19103F-16F7-4668-BE54-9A1E7A4F7556}") = "App.Common.DataAccess", "App.Common.DataAccess\App.Common.DataAccess.csproj", "{58735E31-AF69-4FD4-9EE6-5A998F3DC748}"
EndProject
Project("{9A19103F-16F7-4668-BE54-9A1E7A4F7556}") = "App.Email", "App.Email\App.Email.csproj", "{F3396DC6-E7E3-4638-B11A-FE49B035A433}"
EndProject
Project("{9A19103F-16F7-4668-BE54-9A1E7A4F7556}") = "EFCore.BulkExtensions", "EFCore.BulkExtensions\EFCore.BulkExtensions.csproj", "{5D5FFB08-71EC-418B-8F15-215585B53B76}"
EndProject
Project("{9A19103F-16F7-4668-BE54-9A1E7A4F7556}") = "EFCore.MemoryJoin", "EFCore.MemoryJoin\EFCore.MemoryJoin.csproj", "{F946819A-EF78-4E6D-8712-55E465A16409}"
EndProject
Project("{9A19103F-16F7-4668-BE54-9A1E7A4F7556}") = "TShirtShop.Server", "TShittShop.Server\TShirtShop.Server.csproj", "{6BB3C35F-668C-4602-9363-BB8ACCCD0CE8}"
EndProject
Project("{9A19103F-16F7-4668-BE54-9A1E7A4F7556}") = "TShirtShop.Services", "TShirtShop.Services\TShirtShop.Services.csproj", "{B03FD1C0-2CCF-4F8E-BC03-3BBBF127AEB4}"
EndProject
Project("{9A19103F-16F7-4668-BE54-9A1E7A4F7556}") = "TShirtShop.Services.Tests", "TShirtShop.Services.Tests\TShirtShop.Services.Tests.csproj", "{AE2EA432-1540-407A-9FCA-8F5F1B401735}"
EndProject
Project("{9A19103F-16F7-4668-BE54-9A1E7A4F7556}") = "TShirtShop.DataAccess", "TShirtShop.DataAccess\TShirtShop.DataAccess.csproj", "{98AE8C3C-543C-49DF-BBC6-9CA44010EF5F}"
EndProject
Project("{9A19103F-16F7-4668-BE54-9A1E7A4F7556}") = "TShirtShop.Shared", "TShirtShop.Shared\TShirtShop.Shared.csproj", "{B53A1C28-C0AF-404D-95F7-0B4B0CD2F56D}"
EndProject
Global
	GlobalSection(SolutionConfigurationPlatforms) = preSolution
		Debug|Any CPU = Debug|Any CPU
		Debug|x64 = Debug|x64
		Release|Any CPU = Release|Any CPU
		Release|x64 = Release|x64
	EndGlobalSection
	GlobalSection(ProjectConfigurationPlatforms) = postSolution
		{7139100C-45CF-4E53-B076-20EDA567B582}.Debug|Any CPU.ActiveCfg = Debug|Any CPU
		{7139100C-45CF-4E53-B076-20EDA567B582}.Debug|Any CPU.Build.0 = Debug|Any CPU
		{7139100C-45CF-4E53-B076-20EDA567B582}.Debug|x64.ActiveCfg = Debug|x64
		{7139100C-45CF-4E53-B076-20EDA567B582}.Debug|x64.Build.0 = Debug|x64
		{7139100C-45CF-4E53-B076-20EDA567B582}.Release|Any CPU.ActiveCfg = Release|Any CPU
		{7139100C-45CF-4E53-B076-20EDA567B582}.Release|Any CPU.Build.0 = Release|Any CPU
		{7139100C-45CF-4E53-B076-20EDA567B582}.Release|x64.ActiveCfg = Release|x64
		{7139100C-45CF-4E53-B076-20EDA567B582}.Release|x64.Build.0 = Release|x64
		{58735E31-AF69-4FD4-9EE6-5A998F3DC748}.Debug|Any CPU.ActiveCfg = Debug|Any CPU
		{58735E31-AF69-4FD4-9EE6-5A998F3DC748}.Debug|Any CPU.Build.0 = Debug|Any CPU
		{58735E31-AF69-4FD4-9EE6-5A998F3DC748}.Debug|x64.ActiveCfg = Debug|x64
		{58735E31-AF69-4FD4-9EE6-5A998F3DC748}.Debug|x64.Build.0 = Debug|x64
		{58735E31-AF69-4FD4-9EE6-5A998F3DC748}.Release|Any CPU.ActiveCfg = Release|Any CPU
		{58735E31-AF69-4FD4-9EE6-5A998F3DC748}.Release|Any CPU.Build.0 = Release|Any CPU
		{58735E31-AF69-4FD4-9EE6-5A998F3DC748}.Release|x64.ActiveCfg = Release|x64
		{58735E31-AF69-4FD4-9EE6-5A998F3DC748}.Release|x64.Build.0 = Release|x64
		{F3396DC6-E7E3-4638-B11A-FE49B035A433}.Debug|Any CPU.ActiveCfg = Debug|Any CPU
		{F3396DC6-E7E3-4638-B11A-FE49B035A433}.Debug|Any CPU.Build.0 = Debug|Any CPU
		{F3396DC6-E7E3-4638-B11A-FE49B035A433}.Debug|x64.ActiveCfg = Debug|x64
		{F3396DC6-E7E3-4638-B11A-FE49B035A433}.Debug|x64.Build.0 = Debug|x64
		{F3396DC6-E7E3-4638-B11A-FE49B035A433}.Release|Any CPU.ActiveCfg = Release|Any CPU
		{F3396DC6-E7E3-4638-B11A-FE49B035A433}.Release|Any CPU.Build.0 = Release|Any CPU
		{F3396DC6-E7E3-4638-B11A-FE49B035A433}.Release|x64.ActiveCfg = Release|x64
		{F3396DC6-E7E3-4638-B11A-FE49B035A433}.Release|x64.Build.0 = Release|x64
		{5D5FFB08-71EC-418B-8F15-215585B53B76}.Debug|Any CPU.ActiveCfg = Debug|Any CPU
		{5D5FFB08-71EC-418B-8F15-215585B53B76}.Debug|Any CPU.Build.0 = Debug|Any CPU
		{5D5FFB08-71EC-418B-8F15-215585B53B76}.Debug|x64.ActiveCfg = Debug|x64
		{5D5FFB08-71EC-418B-8F15-215585B53B76}.Debug|x64.Build.0 = Debug|x64
		{5D5FFB08-71EC-418B-8F15-215585B53B76}.Release|Any CPU.ActiveCfg = Release|Any CPU
		{5D5FFB08-71EC-418B-8F15-215585B53B76}.Release|Any CPU.Build.0 = Release|Any CPU
		{5D5FFB08-71EC-418B-8F15-215585B53B76}.Release|x64.ActiveCfg = Release|x64
		{5D5FFB08-71EC-418B-8F15-215585B53B76}.Release|x64.Build.0 = Release|x64
		{F946819A-EF78-4E6D-8712-55E465A16409}.Debug|Any CPU.ActiveCfg = Debug|Any CPU
		{F946819A-EF78-4E6D-8712-55E465A16409}.Debug|Any CPU.Build.0 = Debug|Any CPU
		{F946819A-EF78-4E6D-8712-55E465A16409}.Debug|x64.ActiveCfg = Debug|x64
		{F946819A-EF78-4E6D-8712-55E465A16409}.Debug|x64.Build.0 = Debug|x64
		{F946819A-EF78-4E6D-8712-55E465A16409}.Release|Any CPU.ActiveCfg = Release|Any CPU
		{F946819A-EF78-4E6D-8712-55E465A16409}.Release|Any CPU.Build.0 = Release|Any CPU
		{F946819A-EF78-4E6D-8712-55E465A16409}.Release|x64.ActiveCfg = Release|x64
		{F946819A-EF78-4E6D-8712-55E465A16409}.Release|x64.Build.0 = Release|x64
		{6BB3C35F-668C-4602-9363-BB8ACCCD0CE8}.Debug|Any CPU.ActiveCfg = Debug|Any CPU
		{6BB3C35F-668C-4602-9363-BB8ACCCD0CE8}.Debug|Any CPU.Build.0 = Debug|Any CPU
		{6BB3C35F-668C-4602-9363-BB8ACCCD0CE8}.Debug|x64.ActiveCfg = Debug|Any CPU
		{6BB3C35F-668C-4602-9363-BB8ACCCD0CE8}.Debug|x64.Build.0 = Debug|Any CPU
		{6BB3C35F-668C-4602-9363-BB8ACCCD0CE8}.Release|Any CPU.ActiveCfg = Release|Any CPU
		{6BB3C35F-668C-4602-9363-BB8ACCCD0CE8}.Release|Any CPU.Build.0 = Release|Any CPU
		{6BB3C35F-668C-4602-9363-BB8ACCCD0CE8}.Release|x64.ActiveCfg = Release|Any CPU
		{6BB3C35F-668C-4602-9363-BB8ACCCD0CE8}.Release|x64.Build.0 = Release|Any CPU
		{B03FD1C0-2CCF-4F8E-BC03-3BBBF127AEB4}.Debug|Any CPU.ActiveCfg = Debug|Any CPU
		{B03FD1C0-2CCF-4F8E-BC03-3BBBF127AEB4}.Debug|Any CPU.Build.0 = Debug|Any CPU
		{B03FD1C0-2CCF-4F8E-BC03-3BBBF127AEB4}.Debug|x64.ActiveCfg = Debug|Any CPU
		{B03FD1C0-2CCF-4F8E-BC03-3BBBF127AEB4}.Debug|x64.Build.0 = Debug|Any CPU
		{B03FD1C0-2CCF-4F8E-BC03-3BBBF127AEB4}.Release|Any CPU.ActiveCfg = Release|Any CPU
		{B03FD1C0-2CCF-4F8E-BC03-3BBBF127AEB4}.Release|Any CPU.Build.0 = Release|Any CPU
		{B03FD1C0-2CCF-4F8E-BC03-3BBBF127AEB4}.Release|x64.ActiveCfg = Release|Any CPU
		{B03FD1C0-2CCF-4F8E-BC03-3BBBF127AEB4}.Release|x64.Build.0 = Release|Any CPU
		{AE2EA432-1540-407A-9FCA-8F5F1B401735}.Debug|Any CPU.ActiveCfg = Debug|Any CPU
		{AE2EA432-1540-407A-9FCA-8F5F1B401735}.Debug|Any CPU.Build.0 = Debug|Any CPU
		{AE2EA432-1540-407A-9FCA-8F5F1B401735}.Debug|x64.ActiveCfg = Debug|Any CPU
		{AE2EA432-1540-407A-9FCA-8F5F1B401735}.Debug|x64.Build.0 = Debug|Any CPU
		{AE2EA432-1540-407A-9FCA-8F5F1B401735}.Release|Any CPU.ActiveCfg = Release|Any CPU
		{AE2EA432-1540-407A-9FCA-8F5F1B401735}.Release|Any CPU.Build.0 = Release|Any CPU
		{AE2EA432-1540-407A-9FCA-8F5F1B401735}.Release|x64.ActiveCfg = Release|Any CPU
		{AE2EA432-1540-407A-9FCA-8F5F1B401735}.Release|x64.Build.0 = Release|Any CPU
		{98AE8C3C-543C-49DF-BBC6-9CA44010EF5F}.Debug|Any CPU.ActiveCfg = Debug|Any CPU
		{98AE8C3C-543C-49DF-BBC6-9CA44010EF5F}.Debug|Any CPU.Build.0 = Debug|Any CPU
		{98AE8C3C-543C-49DF-BBC6-9CA44010EF5F}.Debug|x64.ActiveCfg = Debug|Any CPU
		{98AE8C3C-543C-49DF-BBC6-9CA44010EF5F}.Debug|x64.Build.0 = Debug|Any CPU
		{98AE8C3C-543C-49DF-BBC6-9CA44010EF5F}.Release|Any CPU.ActiveCfg = Release|Any CPU
		{98AE8C3C-543C-49DF-BBC6-9CA44010EF5F}.Release|Any CPU.Build.0 = Release|Any CPU
		{98AE8C3C-543C-49DF-BBC6-9CA44010EF5F}.Release|x64.ActiveCfg = Release|Any CPU
		{98AE8C3C-543C-49DF-BBC6-9CA44010EF5F}.Release|x64.Build.0 = Release|Any CPU
		{B53A1C28-C0AF-404D-95F7-0B4B0CD2F56D}.Debug|Any CPU.ActiveCfg = Debug|Any CPU
		{B53A1C28-C0AF-404D-95F7-0B4B0CD2F56D}.Debug|Any CPU.Build.0 = Debug|Any CPU
		{B53A1C28-C0AF-404D-95F7-0B4B0CD2F56D}.Debug|x64.ActiveCfg = Debug|Any CPU
		{B53A1C28-C0AF-404D-95F7-0B4B0CD2F56D}.Debug|x64.Build.0 = Debug|Any CPU
		{B53A1C28-C0AF-404D-95F7-0B4B0CD2F56D}.Release|Any CPU.ActiveCfg = Release|Any CPU
		{B53A1C28-C0AF-404D-95F7-0B4B0CD2F56D}.Release|Any CPU.Build.0 = Release|Any CPU
		{B53A1C28-C0AF-404D-95F7-0B4B0CD2F56D}.Release|x64.ActiveCfg = Release|Any CPU
		{B53A1C28-C0AF-404D-95F7-0B4B0CD2F56D}.Release|x64.Build.0 = Release|Any CPU
	EndGlobalSection
	GlobalSection(SolutionProperties) = preSolution
		HideSolutionNode = FALSE
	EndGlobalSection
	GlobalSection(ExtensibilityGlobals) = postSolution
		SolutionGuid = {812C1238-C8BF-4F22-9AE1-CD250173007D}
	EndGlobalSection
EndGlobal
